
Microsoft Visual Studio Solution File, Format Version 12.00
# Visual Studio Version 16
VisualStudioVersion = 16.0.32106.194
MinimumVisualStudioVersion = 10.0.40219.1
Project("{9A19103F-16F7-4668-BE54-9A1E7A4F7556}") = "Lampredotto", "Lampredotto\Lampredotto.csproj", "{B64B210E-EEC2-42E1-B7E2-2CD01C33BDBF}"
EndProject
Project("{8BC9CEB8-8B4A-11D0-8D11-00A0C91BC942}") = "SalsaVerde", "SalsaVerde\SalsaVerde.vcxproj", "{51858541-55F9-449F-83FF-27C0FAC9EAA8}"
EndProject
Global
	GlobalSection(SolutionConfigurationPlatforms) = preSolution
		Debug|Any CPU = Debug|Any CPU
		Debug|x64 = Debug|x64
		Debug|x86 = Debug|x86
		Release|Any CPU = Release|Any CPU
		Release|x64 = Release|x64
		Release|x86 = Release|x86
	EndGlobalSection
	GlobalSection(ProjectConfigurationPlatforms) = postSolution
		{B64B210E-EEC2-42E1-B7E2-2CD01C33BDBF}.Debug|Any CPU.ActiveCfg = Debug|Any CPU
		{B64B210E-EEC2-42E1-B7E2-2CD01C33BDBF}.Debug|Any CPU.Build.0 = Debug|Any CPU
		{B64B210E-EEC2-42E1-B7E2-2CD01C33BDBF}.Debug|x64.ActiveCfg = Debug|Any CPU
		{B64B210E-EEC2-42E1-B7E2-2CD01C33BDBF}.Debug|x64.Build.0 = Debug|Any CPU
		{B64B210E-EEC2-42E1-B7E2-2CD01C33BDBF}.Debug|x86.ActiveCfg = Debug|Any CPU
		{B64B210E-EEC2-42E1-B7E2-2CD01C33BDBF}.Debug|x86.Build.0 = Debug|Any CPU
		{B64B210E-EEC2-42E1-B7E2-2CD01C33BDBF}.Release|Any CPU.ActiveCfg = Release|Any CPU
		{B64B210E-EEC2-42E1-B7E2-2CD01C33BDBF}.Release|Any CPU.Build.0 = Release|Any CPU
		{B64B210E-EEC2-42E1-B7E2-2CD01C33BDBF}.Release|x64.ActiveCfg = Release|Any CPU
		{B64B210E-EEC2-42E1-B7E2-2CD01C33BDBF}.Release|x64.Build.0 = Release|Any CPU
		{B64B210E-EEC2-42E1-B7E2-2CD01C33BDBF}.Release|x86.ActiveCfg = Release|Any CPU
		{B64B210E-EEC2-42E1-B7E2-2CD01C33BDBF}.Release|x86.Build.0 = Release|Any CPU
		{51858541-55F9-449F-83FF-27C0FAC9EAA8}.Debug|Any CPU.ActiveCfg = Debug|Win32
		{51858541-55F9-449F-83FF-27C0FAC9EAA8}.Debug|x64.ActiveCfg = Debug|x64
		{51858541-55F9-449F-83FF-27C0FAC9EAA8}.Debug|x64.Build.0 = Debug|x64
		{51858541-55F9-449F-83FF-27C0FAC9EAA8}.Debug|x86.ActiveCfg = Debug|Win32
		{51858541-55F9-449F-83FF-27C0FAC9EAA8}.Debug|x86.Build.0 = Debug|Win32
		{51858541-55F9-449F-83FF-27C0FAC9EAA8}.Release|Any CPU.ActiveCfg = Release|Win32
		{51858541-55F9-449F-83FF-27C0FAC9EAA8}.Release|x64.ActiveCfg = Release|x64
		{51858541-55F9-449F-83FF-27C0FAC9EAA8}.Release|x64.Build.0 = Release|x64
		{51858541-55F9-449F-83FF-27C0FAC9EAA8}.Release|x86.ActiveCfg = Release|Win32
		{51858541-55F9-449F-83FF-27C0FAC9EAA8}.Release|x86.Build.0 = Release|Win32
	EndGlobalSection
	GlobalSection(SolutionProperties) = preSolution
		HideSolutionNode = FALSE
	EndGlobalSection
	GlobalSection(ExtensibilityGlobals) = postSolution
		SolutionGuid = {4977ABB7-3321-46B0-9D5B-EF1BAD4DD729}
	EndGlobalSection
EndGlobal
